// !$*UTF8*$!
{
	archiveVersion = 1;
	classes = {
	};
	objectVersion = 56;
	objects = {

/* Begin PBXBuildFile section */
		89177D4A29AF7F9200AB5C68 /* CustomTextField.swift in Sources */ = {isa = PBXBuildFile; fileRef = 89177D4929AF7F9200AB5C68 /* CustomTextField.swift */; };
		89177D4D29B0A5A100AB5C68 /* MainTabView.swift in Sources */ = {isa = PBXBuildFile; fileRef = 89177D4C29B0A5A100AB5C68 /* MainTabView.swift */; };
		89177D5229B0B86900AB5C68 /* ChannelsView.swift in Sources */ = {isa = PBXBuildFile; fileRef = 89177D5129B0B86900AB5C68 /* ChannelsView.swift */; };
		89177D5429B0B88400AB5C68 /* SettingsView.swift in Sources */ = {isa = PBXBuildFile; fileRef = 89177D5329B0B88400AB5C68 /* SettingsView.swift */; };
		89177D5629B0B89200AB5C68 /* ChatView.swift in Sources */ = {isa = PBXBuildFile; fileRef = 89177D5529B0B89200AB5C68 /* ChatView.swift */; };
		89177D5929B0B90E00AB5C68 /* ConversationsView.swift in Sources */ = {isa = PBXBuildFile; fileRef = 89177D5829B0B90E00AB5C68 /* ConversationsView.swift */; };
		89177D5B29B0ED0F00AB5C68 /* SettingsHeaderView.swift in Sources */ = {isa = PBXBuildFile; fileRef = 89177D5A29B0ED0F00AB5C68 /* SettingsHeaderView.swift */; };
		89177D5F29B0EDE200AB5C68 /* SettingsCell.swift in Sources */ = {isa = PBXBuildFile; fileRef = 89177D5E29B0EDE200AB5C68 /* SettingsCell.swift */; };
		89177D6129B1B0A600AB5C68 /* SettingsCellViewModel.swift in Sources */ = {isa = PBXBuildFile; fileRef = 89177D6029B1B0A600AB5C68 /* SettingsCellViewModel.swift */; };
		89177D6329B1CD1300AB5C68 /* EditProfileView.swift in Sources */ = {isa = PBXBuildFile; fileRef = 89177D6229B1CD1300AB5C68 /* EditProfileView.swift */; };
		89177D6529B1DF1E00AB5C68 /* StatusSelectorView.swift in Sources */ = {isa = PBXBuildFile; fileRef = 89177D6429B1DF1E00AB5C68 /* StatusSelectorView.swift */; };
		89177D6729B2186B00AB5C68 /* StatusViewModel.swift in Sources */ = {isa = PBXBuildFile; fileRef = 89177D6629B2186B00AB5C68 /* StatusViewModel.swift */; };
		89177D6929B234B500AB5C68 /* ImagePicker.swift in Sources */ = {isa = PBXBuildFile; fileRef = 89177D6829B234B500AB5C68 /* ImagePicker.swift */; };
		8926B38E29B305D200FEC337 /* ConversationCell.swift in Sources */ = {isa = PBXBuildFile; fileRef = 8926B38D29B305D200FEC337 /* ConversationCell.swift */; };
		8926B39029B329BD00FEC337 /* NewMessageView.swift in Sources */ = {isa = PBXBuildFile; fileRef = 8926B38F29B329BD00FEC337 /* NewMessageView.swift */; };
		8926B39229B329CC00FEC337 /* UserCell.swift in Sources */ = {isa = PBXBuildFile; fileRef = 8926B39129B329CC00FEC337 /* UserCell.swift */; };
		8926B39429B3926A00FEC337 /* SearchBar.swift in Sources */ = {isa = PBXBuildFile; fileRef = 8926B39329B3926A00FEC337 /* SearchBar.swift */; };
		8926B39829B3954800FEC337 /* Extension.swift in Sources */ = {isa = PBXBuildFile; fileRef = 8926B39729B3954800FEC337 /* Extension.swift */; };
		8926B39A29B5FA6000FEC337 /* ChatBubble.swift in Sources */ = {isa = PBXBuildFile; fileRef = 8926B39929B5FA6000FEC337 /* ChatBubble.swift */; };
		8926B39C29B5FC2C00FEC337 /* MessageView.swift in Sources */ = {isa = PBXBuildFile; fileRef = 8926B39B29B5FC2C00FEC337 /* MessageView.swift */; };
		8926B39E29B60F7000FEC337 /* CustomInputView.swift in Sources */ = {isa = PBXBuildFile; fileRef = 8926B39D29B60F7000FEC337 /* CustomInputView.swift */; };
		8926B3A029B6138500FEC337 /* Message.swift in Sources */ = {isa = PBXBuildFile; fileRef = 8926B39F29B6138500FEC337 /* Message.swift */; };
		8926B3A229B6140300FEC337 /* ChatViewModel.swift in Sources */ = {isa = PBXBuildFile; fileRef = 8926B3A129B6140300FEC337 /* ChatViewModel.swift */; };
		8985505C29B719EB00FC45E9 /* GoogleService-Info.plist in Resources */ = {isa = PBXBuildFile; fileRef = 8985505B29B719EB00FC45E9 /* GoogleService-Info.plist */; };
		8985505F29B71B6700FC45E9 /* FirebaseAuth in Frameworks */ = {isa = PBXBuildFile; productRef = 8985505E29B71B6700FC45E9 /* FirebaseAuth */; };
		8985506129B71B6700FC45E9 /* FirebaseFirestore in Frameworks */ = {isa = PBXBuildFile; productRef = 8985506029B71B6700FC45E9 /* FirebaseFirestore */; };
		8985506329B71B6700FC45E9 /* FirebaseFunctions in Frameworks */ = {isa = PBXBuildFile; productRef = 8985506229B71B6700FC45E9 /* FirebaseFunctions */; };
		8985506529B71B6700FC45E9 /* FirebaseStorage in Frameworks */ = {isa = PBXBuildFile; productRef = 8985506429B71B6700FC45E9 /* FirebaseStorage */; };
		89E562E329A0B3D600F3F967 /* SwiftUIChatTutorialApp.swift in Sources */ = {isa = PBXBuildFile; fileRef = 89E562E229A0B3D600F3F967 /* SwiftUIChatTutorialApp.swift */; };
		89E562E529A0B3D600F3F967 /* ContentView.swift in Sources */ = {isa = PBXBuildFile; fileRef = 89E562E429A0B3D600F3F967 /* ContentView.swift */; };
		89E562E729A0B3D700F3F967 /* Assets.xcassets in Resources */ = {isa = PBXBuildFile; fileRef = 89E562E629A0B3D700F3F967 /* Assets.xcassets */; };
		89E562EA29A0B3D700F3F967 /* Preview Assets.xcassets in Resources */ = {isa = PBXBuildFile; fileRef = 89E562E929A0B3D700F3F967 /* Preview Assets.xcassets */; };
		89E562F729A0B49000F3F967 /* LoginView.swift in Sources */ = {isa = PBXBuildFile; fileRef = 89E562F629A0B49000F3F967 /* LoginView.swift */; };
		89E562F929A0B49A00F3F967 /* RegistrationView.swift in Sources */ = {isa = PBXBuildFile; fileRef = 89E562F829A0B49A00F3F967 /* RegistrationView.swift */; };
/* End PBXBuildFile section */

/* Begin PBXFileReference section */
		89177D4929AF7F9200AB5C68 /* CustomTextField.swift */ = {isa = PBXFileReference; lastKnownFileType = sourcecode.swift; path = CustomTextField.swift; sourceTree = "<group>"; };
		89177D4C29B0A5A100AB5C68 /* MainTabView.swift */ = {isa = PBXFileReference; lastKnownFileType = sourcecode.swift; path = MainTabView.swift; sourceTree = "<group>"; };
		89177D5129B0B86900AB5C68 /* ChannelsView.swift */ = {isa = PBXFileReference; lastKnownFileType = sourcecode.swift; path = ChannelsView.swift; sourceTree = "<group>"; };
		89177D5329B0B88400AB5C68 /* SettingsView.swift */ = {isa = PBXFileReference; lastKnownFileType = sourcecode.swift; path = SettingsView.swift; sourceTree = "<group>"; };
		89177D5529B0B89200AB5C68 /* ChatView.swift */ = {isa = PBXFileReference; lastKnownFileType = sourcecode.swift; path = ChatView.swift; sourceTree = "<group>"; };
		89177D5829B0B90E00AB5C68 /* ConversationsView.swift */ = {isa = PBXFileReference; lastKnownFileType = sourcecode.swift; path = ConversationsView.swift; sourceTree = "<group>"; };
		89177D5A29B0ED0F00AB5C68 /* SettingsHeaderView.swift */ = {isa = PBXFileReference; lastKnownFileType = sourcecode.swift; path = SettingsHeaderView.swift; sourceTree = "<group>"; };
		89177D5E29B0EDE200AB5C68 /* SettingsCell.swift */ = {isa = PBXFileReference; lastKnownFileType = sourcecode.swift; path = SettingsCell.swift; sourceTree = "<group>"; };
		89177D6029B1B0A600AB5C68 /* SettingsCellViewModel.swift */ = {isa = PBXFileReference; lastKnownFileType = sourcecode.swift; path = SettingsCellViewModel.swift; sourceTree = "<group>"; };
		89177D6229B1CD1300AB5C68 /* EditProfileView.swift */ = {isa = PBXFileReference; lastKnownFileType = sourcecode.swift; path = EditProfileView.swift; sourceTree = "<group>"; };
		89177D6429B1DF1E00AB5C68 /* StatusSelectorView.swift */ = {isa = PBXFileReference; lastKnownFileType = sourcecode.swift; path = StatusSelectorView.swift; sourceTree = "<group>"; };
		89177D6629B2186B00AB5C68 /* StatusViewModel.swift */ = {isa = PBXFileReference; lastKnownFileType = sourcecode.swift; path = StatusViewModel.swift; sourceTree = "<group>"; };
		89177D6829B234B500AB5C68 /* ImagePicker.swift */ = {isa = PBXFileReference; lastKnownFileType = sourcecode.swift; path = ImagePicker.swift; sourceTree = "<group>"; };
		8926B38D29B305D200FEC337 /* ConversationCell.swift */ = {isa = PBXFileReference; lastKnownFileType = sourcecode.swift; path = ConversationCell.swift; sourceTree = "<group>"; };
		8926B38F29B329BD00FEC337 /* NewMessageView.swift */ = {isa = PBXFileReference; lastKnownFileType = sourcecode.swift; path = NewMessageView.swift; sourceTree = "<group>"; };
		8926B39129B329CC00FEC337 /* UserCell.swift */ = {isa = PBXFileReference; lastKnownFileType = sourcecode.swift; path = UserCell.swift; sourceTree = "<group>"; };
		8926B39329B3926A00FEC337 /* SearchBar.swift */ = {isa = PBXFileReference; lastKnownFileType = sourcecode.swift; path = SearchBar.swift; sourceTree = "<group>"; };
		8926B39729B3954800FEC337 /* Extension.swift */ = {isa = PBXFileReference; lastKnownFileType = sourcecode.swift; path = Extension.swift; sourceTree = "<group>"; };
		8926B39929B5FA6000FEC337 /* ChatBubble.swift */ = {isa = PBXFileReference; lastKnownFileType = sourcecode.swift; path = ChatBubble.swift; sourceTree = "<group>"; };
		8926B39B29B5FC2C00FEC337 /* MessageView.swift */ = {isa = PBXFileReference; lastKnownFileType = sourcecode.swift; path = MessageView.swift; sourceTree = "<group>"; };
		8926B39D29B60F7000FEC337 /* CustomInputView.swift */ = {isa = PBXFileReference; lastKnownFileType = sourcecode.swift; path = CustomInputView.swift; sourceTree = "<group>"; };
		8926B39F29B6138500FEC337 /* Message.swift */ = {isa = PBXFileReference; lastKnownFileType = sourcecode.swift; path = Message.swift; sourceTree = "<group>"; };
		8926B3A129B6140300FEC337 /* ChatViewModel.swift */ = {isa = PBXFileReference; lastKnownFileType = sourcecode.swift; path = ChatViewModel.swift; sourceTree = "<group>"; };
		8985505B29B719EB00FC45E9 /* GoogleService-Info.plist */ = {isa = PBXFileReference; fileEncoding = 4; lastKnownFileType = text.plist.xml; path = "GoogleService-Info.plist"; sourceTree = "<group>"; };
		89E562DF29A0B3D600F3F967 /* SwiftUIChatTutorial.app */ = {isa = PBXFileReference; explicitFileType = wrapper.application; includeInIndex = 0; path = SwiftUIChatTutorial.app; sourceTree = BUILT_PRODUCTS_DIR; };
		89E562E229A0B3D600F3F967 /* SwiftUIChatTutorialApp.swift */ = {isa = PBXFileReference; lastKnownFileType = sourcecode.swift; path = SwiftUIChatTutorialApp.swift; sourceTree = "<group>"; };
		89E562E429A0B3D600F3F967 /* ContentView.swift */ = {isa = PBXFileReference; lastKnownFileType = sourcecode.swift; path = ContentView.swift; sourceTree = "<group>"; };
		89E562E629A0B3D700F3F967 /* Assets.xcassets */ = {isa = PBXFileReference; lastKnownFileType = folder.assetcatalog; path = Assets.xcassets; sourceTree = "<group>"; };
		89E562E929A0B3D700F3F967 /* Preview Assets.xcassets */ = {isa = PBXFileReference; lastKnownFileType = folder.assetcatalog; path = "Preview Assets.xcassets"; sourceTree = "<group>"; };
		89E562F629A0B49000F3F967 /* LoginView.swift */ = {isa = PBXFileReference; lastKnownFileType = sourcecode.swift; path = LoginView.swift; sourceTree = "<group>"; };
		89E562F829A0B49A00F3F967 /* RegistrationView.swift */ = {isa = PBXFileReference; lastKnownFileType = sourcecode.swift; path = RegistrationView.swift; sourceTree = "<group>"; };
/* End PBXFileReference section */

/* Begin PBXFrameworksBuildPhase section */
		89E562DC29A0B3D600F3F967 /* Frameworks */ = {
			isa = PBXFrameworksBuildPhase;
			buildActionMask = 2147483647;
			files = (
				8985506329B71B6700FC45E9 /* FirebaseFunctions in Frameworks */,
				8985506529B71B6700FC45E9 /* FirebaseStorage in Frameworks */,
				8985505F29B71B6700FC45E9 /* FirebaseAuth in Frameworks */,
				8985506129B71B6700FC45E9 /* FirebaseFirestore in Frameworks */,
			);
			runOnlyForDeploymentPostprocessing = 0;
		};
/* End PBXFrameworksBuildPhase section */

/* Begin PBXGroup section */
		89177D4B29B0A59100AB5C68 /* Main */ = {
			isa = PBXGroup;
			children = (
				89177D4C29B0A5A100AB5C68 /* MainTabView.swift */,
			);
			path = Main;
			sourceTree = "<group>";
		};
		89177D4E29B0B84900AB5C68 /* Channels */ = {
			isa = PBXGroup;
			children = (
				89177D5129B0B86900AB5C68 /* ChannelsView.swift */,
			);
			path = Channels;
			sourceTree = "<group>";
		};
		89177D4F29B0B85600AB5C68 /* Settings */ = {
			isa = PBXGroup;
			children = (
				89177D5329B0B88400AB5C68 /* SettingsView.swift */,
				89177D5A29B0ED0F00AB5C68 /* SettingsHeaderView.swift */,
				89177D5E29B0EDE200AB5C68 /* SettingsCell.swift */,
				89177D6229B1CD1300AB5C68 /* EditProfileView.swift */,
				89177D6429B1DF1E00AB5C68 /* StatusSelectorView.swift */,
			);
			path = Settings;
			sourceTree = "<group>";
		};
		89177D5029B0B85B00AB5C68 /* Chats */ = {
			isa = PBXGroup;
			children = (
				89177D5529B0B89200AB5C68 /* ChatView.swift */,
				8926B39929B5FA6000FEC337 /* ChatBubble.swift */,
				8926B39B29B5FC2C00FEC337 /* MessageView.swift */,
				8926B39D29B60F7000FEC337 /* CustomInputView.swift */,
			);
			path = Chats;
			sourceTree = "<group>";
		};
		89177D5729B0B8C400AB5C68 /* Conversations */ = {
			isa = PBXGroup;
			children = (
				89177D5829B0B90E00AB5C68 /* ConversationsView.swift */,
				8926B38D29B305D200FEC337 /* ConversationCell.swift */,
				8926B38F29B329BD00FEC337 /* NewMessageView.swift */,
				8926B39129B329CC00FEC337 /* UserCell.swift */,
			);
			path = Conversations;
			sourceTree = "<group>";
		};
		89E562D629A0B3D600F3F967 = {
			isa = PBXGroup;
			children = (
				89E562E129A0B3D600F3F967 /* SwiftUIChatTutorial */,
				89E562E029A0B3D600F3F967 /* Products */,
			);
			sourceTree = "<group>";
		};
		89E562E029A0B3D600F3F967 /* Products */ = {
			isa = PBXGroup;
			children = (
				89E562DF29A0B3D600F3F967 /* SwiftUIChatTutorial.app */,
			);
			name = Products;
			sourceTree = "<group>";
		};
		89E562E129A0B3D600F3F967 /* SwiftUIChatTutorial */ = {
			isa = PBXGroup;
			children = (
				89E562F429A0B42100F3F967 /* Model */,
				89E562F329A0B41D00F3F967 /* View */,
				89E562F229A0B41C00F3F967 /* ViewModel */,
				89E562F129A0B41A00F3F967 /* API */,
				89E562F029A0B41800F3F967 /* Utils */,
				89E562E229A0B3D600F3F967 /* SwiftUIChatTutorialApp.swift */,
				89E562E429A0B3D600F3F967 /* ContentView.swift */,
				89E562E629A0B3D700F3F967 /* Assets.xcassets */,
				8985505B29B719EB00FC45E9 /* GoogleService-Info.plist */,
				89E562E829A0B3D700F3F967 /* Preview Content */,
			);
			path = SwiftUIChatTutorial;
			sourceTree = "<group>";
		};
		89E562E829A0B3D700F3F967 /* Preview Content */ = {
			isa = PBXGroup;
			children = (
				89E562E929A0B3D700F3F967 /* Preview Assets.xcassets */,
			);
			path = "Preview Content";
			sourceTree = "<group>";
		};
		89E562F029A0B41800F3F967 /* Utils */ = {
			isa = PBXGroup;
			children = (
				89177D4929AF7F9200AB5C68 /* CustomTextField.swift */,
				89177D6829B234B500AB5C68 /* ImagePicker.swift */,
				8926B39329B3926A00FEC337 /* SearchBar.swift */,
				8926B39729B3954800FEC337 /* Extension.swift */,
			);
			path = Utils;
			sourceTree = "<group>";
		};
		89E562F129A0B41A00F3F967 /* API */ = {
			isa = PBXGroup;
			children = (
			);
			path = API;
			sourceTree = "<group>";
		};
		89E562F229A0B41C00F3F967 /* ViewModel */ = {
			isa = PBXGroup;
			children = (
				89177D6029B1B0A600AB5C68 /* SettingsCellViewModel.swift */,
				89177D6629B2186B00AB5C68 /* StatusViewModel.swift */,
				8926B3A129B6140300FEC337 /* ChatViewModel.swift */,
			);
			path = ViewModel;
			sourceTree = "<group>";
		};
		89E562F329A0B41D00F3F967 /* View */ = {
			isa = PBXGroup;
			children = (
				89177D5729B0B8C400AB5C68 /* Conversations */,
				89177D5029B0B85B00AB5C68 /* Chats */,
				89177D4F29B0B85600AB5C68 /* Settings */,
				89177D4E29B0B84900AB5C68 /* Channels */,
				89177D4B29B0A59100AB5C68 /* Main */,
				89E562F529A0B47D00F3F967 /* Authentication */,
			);
			path = View;
			sourceTree = "<group>";
		};
		89E562F429A0B42100F3F967 /* Model */ = {
			isa = PBXGroup;
			children = (
				8926B39F29B6138500FEC337 /* Message.swift */,
			);
			path = Model;
			sourceTree = "<group>";
		};
		89E562F529A0B47D00F3F967 /* Authentication */ = {
			isa = PBXGroup;
			children = (
				89E562F629A0B49000F3F967 /* LoginView.swift */,
				89E562F829A0B49A00F3F967 /* RegistrationView.swift */,
			);
			path = Authentication;
			sourceTree = "<group>";
		};
/* End PBXGroup section */

/* Begin PBXNativeTarget section */
		89E562DE29A0B3D600F3F967 /* SwiftUIChatTutorial */ = {
			isa = PBXNativeTarget;
			buildConfigurationList = 89E562ED29A0B3D700F3F967 /* Build configuration list for PBXNativeTarget "SwiftUIChatTutorial" */;
			buildPhases = (
				89E562DB29A0B3D600F3F967 /* Sources */,
				89E562DC29A0B3D600F3F967 /* Frameworks */,
				89E562DD29A0B3D600F3F967 /* Resources */,
			);
			buildRules = (
			);
			dependencies = (
			);
			name = SwiftUIChatTutorial;
			packageProductDependencies = (
				8985505E29B71B6700FC45E9 /* FirebaseAuth */,
				8985506029B71B6700FC45E9 /* FirebaseFirestore */,
				8985506229B71B6700FC45E9 /* FirebaseFunctions */,
				8985506429B71B6700FC45E9 /* FirebaseStorage */,
			);
			productName = SwiftUIChatTutorial;
			productReference = 89E562DF29A0B3D600F3F967 /* SwiftUIChatTutorial.app */;
			productType = "com.apple.product-type.application";
		};
/* End PBXNativeTarget section */

/* Begin PBXProject section */
		89E562D729A0B3D600F3F967 /* Project object */ = {
			isa = PBXProject;
			attributes = {
				BuildIndependentTargetsInParallel = 1;
				LastSwiftUpdateCheck = 1420;
				LastUpgradeCheck = 1420;
				TargetAttributes = {
					89E562DE29A0B3D600F3F967 = {
						CreatedOnToolsVersion = 14.2;
					};
				};
			};
			buildConfigurationList = 89E562DA29A0B3D600F3F967 /* Build configuration list for PBXProject "SwiftUIChatTutorial" */;
			compatibilityVersion = "Xcode 14.0";
			developmentRegion = en;
			hasScannedForEncodings = 0;
			knownRegions = (
				en,
				Base,
			);
			mainGroup = 89E562D629A0B3D600F3F967;
			packageReferences = (
				8985505D29B71B6700FC45E9 /* XCRemoteSwiftPackageReference "firebase-ios-sdk" */,
			);
			productRefGroup = 89E562E029A0B3D600F3F967 /* Products */;
			projectDirPath = "";
			projectRoot = "";
			targets = (
				89E562DE29A0B3D600F3F967 /* SwiftUIChatTutorial */,
			);
		};
/* End PBXProject section */

/* Begin PBXResourcesBuildPhase section */
		89E562DD29A0B3D600F3F967 /* Resources */ = {
			isa = PBXResourcesBuildPhase;
			buildActionMask = 2147483647;
			files = (
				89E562EA29A0B3D700F3F967 /* Preview Assets.xcassets in Resources */,
				89E562E729A0B3D700F3F967 /* Assets.xcassets in Resources */,
				8985505C29B719EB00FC45E9 /* GoogleService-Info.plist in Resources */,
			);
			runOnlyForDeploymentPostprocessing = 0;
		};
/* End PBXResourcesBuildPhase section */

/* Begin PBXSourcesBuildPhase section */
		89E562DB29A0B3D600F3F967 /* Sources */ = {
			isa = PBXSourcesBuildPhase;
			buildActionMask = 2147483647;
			files = (
				89177D6729B2186B00AB5C68 /* StatusViewModel.swift in Sources */,
				89177D6329B1CD1300AB5C68 /* EditProfileView.swift in Sources */,
				8926B39029B329BD00FEC337 /* NewMessageView.swift in Sources */,
				89177D6529B1DF1E00AB5C68 /* StatusSelectorView.swift in Sources */,
				89177D6929B234B500AB5C68 /* ImagePicker.swift in Sources */,
				89E562F729A0B49000F3F967 /* LoginView.swift in Sources */,
				89177D5429B0B88400AB5C68 /* SettingsView.swift in Sources */,
				8926B3A229B6140300FEC337 /* ChatViewModel.swift in Sources */,
				89177D6129B1B0A600AB5C68 /* SettingsCellViewModel.swift in Sources */,
				8926B39229B329CC00FEC337 /* UserCell.swift in Sources */,
				8926B3A029B6138500FEC337 /* Message.swift in Sources */,
				8926B39A29B5FA6000FEC337 /* ChatBubble.swift in Sources */,
				89177D5F29B0EDE200AB5C68 /* SettingsCell.swift in Sources */,
				89177D5629B0B89200AB5C68 /* ChatView.swift in Sources */,
				8926B39C29B5FC2C00FEC337 /* MessageView.swift in Sources */,
				89177D5B29B0ED0F00AB5C68 /* SettingsHeaderView.swift in Sources */,
				89177D5929B0B90E00AB5C68 /* ConversationsView.swift in Sources */,
				89177D5229B0B86900AB5C68 /* ChannelsView.swift in Sources */,
				8926B39429B3926A00FEC337 /* SearchBar.swift in Sources */,
				8926B39829B3954800FEC337 /* Extension.swift in Sources */,
				8926B39E29B60F7000FEC337 /* CustomInputView.swift in Sources */,
				89E562E529A0B3D600F3F967 /* ContentView.swift in Sources */,
				89E562E329A0B3D600F3F967 /* SwiftUIChatTutorialApp.swift in Sources */,
				8926B38E29B305D200FEC337 /* ConversationCell.swift in Sources */,
				89E562F929A0B49A00F3F967 /* RegistrationView.swift in Sources */,
				89177D4A29AF7F9200AB5C68 /* CustomTextField.swift in Sources */,
				89177D4D29B0A5A100AB5C68 /* MainTabView.swift in Sources */,
			);
			runOnlyForDeploymentPostprocessing = 0;
		};
/* End PBXSourcesBuildPhase section */

/* Begin XCBuildConfiguration section */
		89E562EB29A0B3D700F3F967 /* Debug */ = {
			isa = XCBuildConfiguration;
			buildSettings = {
				ALWAYS_SEARCH_USER_PATHS = NO;
				CLANG_ANALYZER_NONNULL = YES;
				CLANG_ANALYZER_NUMBER_OBJECT_CONVERSION = YES_AGGRESSIVE;
				CLANG_CXX_LANGUAGE_STANDARD = "gnu++20";
				CLANG_ENABLE_MODULES = YES;
				CLANG_ENABLE_OBJC_ARC = YES;
				CLANG_ENABLE_OBJC_WEAK = YES;
				CLANG_WARN_BLOCK_CAPTURE_AUTORELEASING = YES;
				CLANG_WARN_BOOL_CONVERSION = YES;
				CLANG_WARN_COMMA = YES;
				CLANG_WARN_CONSTANT_CONVERSION = YES;
				CLANG_WARN_DEPRECATED_OBJC_IMPLEMENTATIONS = YES;
				CLANG_WARN_DIRECT_OBJC_ISA_USAGE = YES_ERROR;
				CLANG_WARN_DOCUMENTATION_COMMENTS = YES;
				CLANG_WARN_EMPTY_BODY = YES;
				CLANG_WARN_ENUM_CONVERSION = YES;
				CLANG_WARN_INFINITE_RECURSION = YES;
				CLANG_WARN_INT_CONVERSION = YES;
				CLANG_WARN_NON_LITERAL_NULL_CONVERSION = YES;
				CLANG_WARN_OBJC_IMPLICIT_RETAIN_SELF = YES;
				CLANG_WARN_OBJC_LITERAL_CONVERSION = YES;
				CLANG_WARN_OBJC_ROOT_CLASS = YES_ERROR;
				CLANG_WARN_QUOTED_INCLUDE_IN_FRAMEWORK_HEADER = YES;
				CLANG_WARN_RANGE_LOOP_ANALYSIS = YES;
				CLANG_WARN_STRICT_PROTOTYPES = YES;
				CLANG_WARN_SUSPICIOUS_MOVE = YES;
				CLANG_WARN_UNGUARDED_AVAILABILITY = YES_AGGRESSIVE;
				CLANG_WARN_UNREACHABLE_CODE = YES;
				CLANG_WARN__DUPLICATE_METHOD_MATCH = YES;
				COPY_PHASE_STRIP = NO;
				DEBUG_INFORMATION_FORMAT = dwarf;
				ENABLE_STRICT_OBJC_MSGSEND = YES;
				ENABLE_TESTABILITY = YES;
				GCC_C_LANGUAGE_STANDARD = gnu11;
				GCC_DYNAMIC_NO_PIC = NO;
				GCC_NO_COMMON_BLOCKS = YES;
				GCC_OPTIMIZATION_LEVEL = 0;
				GCC_PREPROCESSOR_DEFINITIONS = (
					"DEBUG=1",
					"$(inherited)",
				);
				GCC_WARN_64_TO_32_BIT_CONVERSION = YES;
				GCC_WARN_ABOUT_RETURN_TYPE = YES_ERROR;
				GCC_WARN_UNDECLARED_SELECTOR = YES;
				GCC_WARN_UNINITIALIZED_AUTOS = YES_AGGRESSIVE;
				GCC_WARN_UNUSED_FUNCTION = YES;
				GCC_WARN_UNUSED_VARIABLE = YES;
				IPHONEOS_DEPLOYMENT_TARGET = 16.2;
				MTL_ENABLE_DEBUG_INFO = INCLUDE_SOURCE;
				MTL_FAST_MATH = YES;
				ONLY_ACTIVE_ARCH = YES;
				SDKROOT = iphoneos;
				SWIFT_ACTIVE_COMPILATION_CONDITIONS = DEBUG;
				SWIFT_OPTIMIZATION_LEVEL = "-Onone";
			};
			name = Debug;
		};
		89E562EC29A0B3D700F3F967 /* Release */ = {
			isa = XCBuildConfiguration;
			buildSettings = {
				ALWAYS_SEARCH_USER_PATHS = NO;
				CLANG_ANALYZER_NONNULL = YES;
				CLANG_ANALYZER_NUMBER_OBJECT_CONVERSION = YES_AGGRESSIVE;
				CLANG_CXX_LANGUAGE_STANDARD = "gnu++20";
				CLANG_ENABLE_MODULES = YES;
				CLANG_ENABLE_OBJC_ARC = YES;
				CLANG_ENABLE_OBJC_WEAK = YES;
				CLANG_WARN_BLOCK_CAPTURE_AUTORELEASING = YES;
				CLANG_WARN_BOOL_CONVERSION = YES;
				CLANG_WARN_COMMA = YES;
				CLANG_WARN_CONSTANT_CONVERSION = YES;
				CLANG_WARN_DEPRECATED_OBJC_IMPLEMENTATIONS = YES;
				CLANG_WARN_DIRECT_OBJC_ISA_USAGE = YES_ERROR;
				CLANG_WARN_DOCUMENTATION_COMMENTS = YES;
				CLANG_WARN_EMPTY_BODY = YES;
				CLANG_WARN_ENUM_CONVERSION = YES;
				CLANG_WARN_INFINITE_RECURSION = YES;
				CLANG_WARN_INT_CONVERSION = YES;
				CLANG_WARN_NON_LITERAL_NULL_CONVERSION = YES;
				CLANG_WARN_OBJC_IMPLICIT_RETAIN_SELF = YES;
				CLANG_WARN_OBJC_LITERAL_CONVERSION = YES;
				CLANG_WARN_OBJC_ROOT_CLASS = YES_ERROR;
				CLANG_WARN_QUOTED_INCLUDE_IN_FRAMEWORK_HEADER = YES;
				CLANG_WARN_RANGE_LOOP_ANALYSIS = YES;
				CLANG_WARN_STRICT_PROTOTYPES = YES;
				CLANG_WARN_SUSPICIOUS_MOVE = YES;
				CLANG_WARN_UNGUARDED_AVAILABILITY = YES_AGGRESSIVE;
				CLANG_WARN_UNREACHABLE_CODE = YES;
				CLANG_WARN__DUPLICATE_METHOD_MATCH = YES;
				COPY_PHASE_STRIP = NO;
				DEBUG_INFORMATION_FORMAT = "dwarf-with-dsym";
				ENABLE_NS_ASSERTIONS = NO;
				ENABLE_STRICT_OBJC_MSGSEND = YES;
				GCC_C_LANGUAGE_STANDARD = gnu11;
				GCC_NO_COMMON_BLOCKS = YES;
				GCC_WARN_64_TO_32_BIT_CONVERSION = YES;
				GCC_WARN_ABOUT_RETURN_TYPE = YES_ERROR;
				GCC_WARN_UNDECLARED_SELECTOR = YES;
				GCC_WARN_UNINITIALIZED_AUTOS = YES_AGGRESSIVE;
				GCC_WARN_UNUSED_FUNCTION = YES;
				GCC_WARN_UNUSED_VARIABLE = YES;
				IPHONEOS_DEPLOYMENT_TARGET = 16.2;
				MTL_ENABLE_DEBUG_INFO = NO;
				MTL_FAST_MATH = YES;
				SDKROOT = iphoneos;
				SWIFT_COMPILATION_MODE = wholemodule;
				SWIFT_OPTIMIZATION_LEVEL = "-O";
				VALIDATE_PRODUCT = YES;
			};
			name = Release;
		};
		89E562EE29A0B3D700F3F967 /* Debug */ = {
			isa = XCBuildConfiguration;
			buildSettings = {
				ASSETCATALOG_COMPILER_APPICON_NAME = AppIcon;
				ASSETCATALOG_COMPILER_GLOBAL_ACCENT_COLOR_NAME = AccentColor;
				CODE_SIGN_STYLE = Automatic;
				CURRENT_PROJECT_VERSION = 1;
				DEVELOPMENT_ASSET_PATHS = "\"SwiftUIChatTutorial/Preview Content\"";
				DEVELOPMENT_TEAM = WZFUFHJN8D;
				ENABLE_PREVIEWS = YES;
				GENERATE_INFOPLIST_FILE = YES;
				INFOPLIST_KEY_UIApplicationSceneManifest_Generation = YES;
				INFOPLIST_KEY_UIApplicationSupportsIndirectInputEvents = YES;
				INFOPLIST_KEY_UILaunchScreen_Generation = YES;
				INFOPLIST_KEY_UISupportedInterfaceOrientations_iPad = "UIInterfaceOrientationPortrait UIInterfaceOrientationPortraitUpsideDown UIInterfaceOrientationLandscapeLeft UIInterfaceOrientationLandscapeRight";
				INFOPLIST_KEY_UISupportedInterfaceOrientations_iPhone = "UIInterfaceOrientationPortrait UIInterfaceOrientationLandscapeLeft UIInterfaceOrientationLandscapeRight";
				LD_RUNPATH_SEARCH_PATHS = (
					"$(inherited)",
					"@executable_path/Frameworks",
				);
				MARKETING_VERSION = 1.0;
				PRODUCT_BUNDLE_IDENTIFIER = com.Bohan.SwiftUIChatTutorial;
				PRODUCT_NAME = "$(TARGET_NAME)";
				SWIFT_EMIT_LOC_STRINGS = YES;
				SWIFT_VERSION = 5.0;
				TARGETED_DEVICE_FAMILY = "1,2";
			};
			name = Debug;
		};
		89E562EF29A0B3D700F3F967 /* Release */ = {
			isa = XCBuildConfiguration;
			buildSettings = {
				ASSETCATALOG_COMPILER_APPICON_NAME = AppIcon;
				ASSETCATALOG_COMPILER_GLOBAL_ACCENT_COLOR_NAME = AccentColor;
				CODE_SIGN_STYLE = Automatic;
				CURRENT_PROJECT_VERSION = 1;
				DEVELOPMENT_ASSET_PATHS = "\"SwiftUIChatTutorial/Preview Content\"";
				DEVELOPMENT_TEAM = WZFUFHJN8D;
				ENABLE_PREVIEWS = YES;
				GENERATE_INFOPLIST_FILE = YES;
				INFOPLIST_KEY_UIApplicationSceneManifest_Generation = YES;
				INFOPLIST_KEY_UIApplicationSupportsIndirectInputEvents = YES;
				INFOPLIST_KEY_UILaunchScreen_Generation = YES;
				INFOPLIST_KEY_UISupportedInterfaceOrientations_iPad = "UIInterfaceOrientationPortrait UIInterfaceOrientationPortraitUpsideDown UIInterfaceOrientationLandscapeLeft UIInterfaceOrientationLandscapeRight";
				INFOPLIST_KEY_UISupportedInterfaceOrientations_iPhone = "UIInterfaceOrientationPortrait UIInterfaceOrientationLandscapeLeft UIInterfaceOrientationLandscapeRight";
				LD_RUNPATH_SEARCH_PATHS = (
					"$(inherited)",
					"@executable_path/Frameworks",
				);
				MARKETING_VERSION = 1.0;
				PRODUCT_BUNDLE_IDENTIFIER = com.Bohan.SwiftUIChatTutorial;
				PRODUCT_NAME = "$(TARGET_NAME)";
				SWIFT_EMIT_LOC_STRINGS = YES;
				SWIFT_VERSION = 5.0;
				TARGETED_DEVICE_FAMILY = "1,2";
			};
			name = Release;
		};
/* End XCBuildConfiguration section */

/* Begin XCConfigurationList section */
		89E562DA29A0B3D600F3F967 /* Build configuration list for PBXProject "SwiftUIChatTutorial" */ = {
			isa = XCConfigurationList;
			buildConfigurations = (
				89E562EB29A0B3D700F3F967 /* Debug */,
				89E562EC29A0B3D700F3F967 /* Release */,
			);
			defaultConfigurationIsVisible = 0;
			defaultConfigurationName = Release;
		};
		89E562ED29A0B3D700F3F967 /* Build configuration list for PBXNativeTarget "SwiftUIChatTutorial" */ = {
			isa = XCConfigurationList;
			buildConfigurations = (
				89E562EE29A0B3D700F3F967 /* Debug */,
				89E562EF29A0B3D700F3F967 /* Release */,
			);
			defaultConfigurationIsVisible = 0;
			defaultConfigurationName = Release;
		};
/* End XCConfigurationList section */

/* Begin XCRemoteSwiftPackageReference section */
		8985505D29B71B6700FC45E9 /* XCRemoteSwiftPackageReference "firebase-ios-sdk" */ = {
			isa = XCRemoteSwiftPackageReference;
			repositoryURL = "https://github.com/firebase/firebase-ios-sdk.git";
			requirement = {
				kind = upToNextMajorVersion;
				minimumVersion = 9.0.0;
			};
		};
/* End XCRemoteSwiftPackageReference section */

/* Begin XCSwiftPackageProductDependency section */
		8985505E29B71B6700FC45E9 /* FirebaseAuth */ = {
			isa = XCSwiftPackageProductDependency;
			package = 8985505D29B71B6700FC45E9 /* XCRemoteSwiftPackageReference "firebase-ios-sdk" */;
			productName = FirebaseAuth;
		};
		8985506029B71B6700FC45E9 /* FirebaseFirestore */ = {
			isa = XCSwiftPackageProductDependency;
			package = 8985505D29B71B6700FC45E9 /* XCRemoteSwiftPackageReference "firebase-ios-sdk" */;
			productName = FirebaseFirestore;
		};
		8985506229B71B6700FC45E9 /* FirebaseFunctions */ = {
			isa = XCSwiftPackageProductDependency;
			package = 8985505D29B71B6700FC45E9 /* XCRemoteSwiftPackageReference "firebase-ios-sdk" */;
			productName = FirebaseFunctions;
		};
		8985506429B71B6700FC45E9 /* FirebaseStorage */ = {
			isa = XCSwiftPackageProductDependency;
			package = 8985505D29B71B6700FC45E9 /* XCRemoteSwiftPackageReference "firebase-ios-sdk" */;
			productName = FirebaseStorage;
		};
/* End XCSwiftPackageProductDependency section */
	};
	rootObject = 89E562D729A0B3D600F3F967 /* Project object */;
}
